dependencies:
  espressif/led_strip:
    component_hash: f0d1b7f93eb3ee57bcfd220656176b0b5616e1947f89ed44364555cf910c4840
    dependencies:
    - name: idf
      require: private
      version: '>=5.0'
    source:
      registry_url: https://components.espressif.com/
      type: service
    version: 3.0.2
  idf:
    source:
      type: idf
    version: 6.0.1
  keemash_mesh_core:
    component_hash: 444bbd356bbd9eb6e2152a244e8f386fb4e37ec5ea061131fcf17cb4585381b6
    dependencies:
    - name: idf
      version: '>=6.0.1,<6.1'
    source:
      git: https://github.com/kennet-one/keemash_core.git
      path: .
      type: git
    version: 03bc51ae2ad2d975456fb6c34b4629cc51ef126f
direct_dependencies:
- espressif/led_strip
- idf
- keemash_mesh_core
manifest_hash: d8e08014c2bf5414b9a89d3d67854636a147258f5106a1f1bffa7782775634ff
target: esp32
version: 3.0.0
