dependencies:
  espressif/led_strip:
    component_hash: f0d1b7f93eb3ee57bcfd220656176b0b5616e1947f89ed44364555cf910c4840
    dependencies:
    - name: idf
      require: private
      version: '>=5.0'
    source:
      registry_url: https://components.espressif.com/
      type: service
    version: 3.0.2
  idf:
    source:
      type: idf
    version: 6.0.1
  keemash_mesh_core:
    component_hash: ad165863af7e817782048ad4c6a5266d580ad3f31d9bf6618d87f825cef6ff07
    dependencies:
    - name: idf
      version: '>=6.0.1,<6.1'
    - name: livekit/nanopb
      version: ^0.4.9
    source:
      git: https://github.com/kennet-one/keemash_core.git
      path: .
      type: git
    version: 8f4f5510ad6b2408c39f8ec8fe8eddf6411d5443
  livekit/nanopb:
    component_hash: 6a1682f4de30d155d0ec14552e482875f295df75af1740f687fd88198cd19f48
    dependencies: []
    source:
      registry_url: https://components.espressif.com/
      type: service
    version: 0.4.9~2
direct_dependencies:
- espressif/led_strip
- idf
- keemash_mesh_core
manifest_hash: b17891138bc02f100b4459a5478f88c838dbce5352193ef0b18f4c98b31b4e7b
target: esp32
version: 3.0.0
