dependencies:
  espressif/led_strip:
    component_hash: f0d1b7f93eb3ee57bcfd220656176b0b5616e1947f89ed44364555cf910c4840
    dependencies:
    - name: idf
      require: private
      version: '>=5.0'
    source:
      registry_url: https://components.espressif.com/
      type: service
    version: 3.0.2
  idf:
    source:
      type: idf
    version: 6.0.1
  keemash_mesh_core:
    component_hash: a42c9d8aa5ef063cac97bf720ba90c5a0ea87d6161164a277c89a65aae4461ef
    dependencies:
    - name: idf
      version: '>=6.0.1,<6.1'
    source:
      git: https://github.com/kennet-one/keemash_core.git
      path: .
      type: git
    version: da95f7a3680c202b0618014c98812298b38fd851
direct_dependencies:
- espressif/led_strip
- idf
- keemash_mesh_core
manifest_hash: 0976a3b0119c52516fdfbc8b2b8450b5b1f2c76efd590a8e8fba96aa9afc81a0
target: esp32
version: 3.0.0
